{
  "version": 4,
  "terraform_version": "1.2.5",
  "serial": 46,
  "lineage": "a2eaa664-867e-32fd-0b67-7cb62968510b",
  "outputs": {},
  "resources": [
    {
      "mode": "managed",
      "type": "yandex_compute_instance",
      "name": "nat-public",
      "provider": "provider[\"registry.terraform.io/yandex-cloud/yandex\"]",
      "instances": [
        {
          "schema_version": 1,
          "attributes": {
            "allow_recreate": null,
            "allow_stopping_for_update": null,
            "boot_disk": [
              {
                "auto_delete": true,
                "device_name": "fhm9kc8ga5nbcakrgqko",
                "disk_id": "fhm9kc8ga5nbcakrgqko",
                "initialize_params": [
                  {
                    "block_size": 4096,
                    "description": "",
                    "image_id": "fd80mrhj8fl2oe87o4e1",
                    "name": "",
                    "size": 3,
                    "snapshot_id": "",
                    "type": "network-hdd"
                  }
                ],
                "mode": "READ_WRITE"
              }
            ],
            "created_at": "2023-08-29T17:32:44Z",
            "description": "",
            "filesystem": [],
            "folder_id": "b1g2qtuk0jrkcupgd36n",
            "fqdn": "fhma5j7hlq3jfnqgav0f.auto.internal",
            "gpu_cluster_id": "",
            "hostname": "",
            "id": "fhma5j7hlq3jfnqgav0f",
            "labels": {},
            "local_disk": [],
            "metadata": {
              "ssh-keys": "ubuntu:ssh-rsa AAAAB3NzaC1yc2EAAAADAQABAAABAQCgmbUnCso/GQ4jigRR2UvFHCWa4ZTG3zpO5z052Pxl0cj1sbv2nSWFJA8IR4CEjtr+c4CkdSyxR8pLtH30vg4TaAAjWPkIsXBrq4tQZleDfdWOKbFR8T8rKEAlHJBeWvcy06SP51k/cJ7AVg3liZrIJk1F8D8pDzoXQXWA8KoIYTbQQeWfeNoo3RO3sDWnZBhlGwucZjBjfnu18ZRkZzHIIi7DM3pF9EO7qW1zlU2+mNIYGDE+Y4+3jRU3duq7jyxe1ecfoae9iDmrtm/H5JdHk1kVqRe+Jq02BtBkzg8P8CEHHVvrlQaZsCh/eb4u2N+LS/3z1jGA2eZRYwL3+r09 komaroff@HP-Book\n"
            },
            "metadata_options": [
              {
                "aws_v1_http_endpoint": 1,
                "aws_v1_http_token": 2,
                "gce_http_endpoint": 1,
                "gce_http_token": 1
              }
            ],
            "name": "nat-public",
            "network_acceleration_type": "standard",
            "network_interface": [
              {
                "dns_record": [],
                "index": 0,
                "ip_address": "192.168.10.254",
                "ipv4": true,
                "ipv6": false,
                "ipv6_address": "",
                "ipv6_dns_record": [],
                "mac_address": "d0:0d:a2:cc:f1:ae",
                "nat": true,
                "nat_dns_record": [],
                "nat_ip_address": "158.160.46.111",
                "nat_ip_version": "IPV4",
                "security_group_ids": [],
                "subnet_id": "e9blebamq1ui4t8deqar"
              }
            ],
            "placement_policy": [
              {
                "host_affinity_rules": [],
                "placement_group_id": ""
              }
            ],
            "platform_id": "standard-v1",
            "resources": [
              {
                "core_fraction": 100,
                "cores": 2,
                "gpus": 0,
                "memory": 2
              }
            ],
            "scheduling_policy": [
              {
                "preemptible": false
              }
            ],
            "secondary_disk": [],
            "service_account_id": "",
            "status": "running",
            "timeouts": null,
            "zone": "ru-central1-a"
          },
          "sensitive_attributes": [],
          "private": "eyJlMmJmYjczMC1lY2FhLTExZTYtOGY4OC0zNDM2M2JjN2M0YzAiOnsiY3JlYXRlIjozMDAwMDAwMDAwMDAsImRlbGV0ZSI6MzAwMDAwMDAwMDAwLCJ1cGRhdGUiOjMwMDAwMDAwMDAwMH0sInNjaGVtYV92ZXJzaW9uIjoiMSJ9",
          "dependencies": [
            "yandex_vpc_network.network-1",
            "yandex_vpc_subnet.public"
          ]
        }
      ]
    },
    {
      "mode": "managed",
      "type": "yandex_compute_instance",
      "name": "vm-private",
      "provider": "provider[\"registry.terraform.io/yandex-cloud/yandex\"]",
      "instances": [
        {
          "schema_version": 1,
          "attributes": {
            "allow_recreate": null,
            "allow_stopping_for_update": null,
            "boot_disk": [
              {
                "auto_delete": true,
                "device_name": "fhmmj801iflosoethfm5",
                "disk_id": "fhmmj801iflosoethfm5",
                "initialize_params": [
                  {
                    "block_size": 4096,
                    "description": "",
                    "image_id": "fd8f5l3798bmqndsmvem",
                    "name": "",
                    "size": 10,
                    "snapshot_id": "",
                    "type": "network-hdd"
                  }
                ],
                "mode": "READ_WRITE"
              }
            ],
            "created_at": "2023-08-29T17:32:44Z",
            "description": "",
            "filesystem": [],
            "folder_id": "b1g2qtuk0jrkcupgd36n",
            "fqdn": "fhmadjns8e17fbj04t1g.auto.internal",
            "gpu_cluster_id": "",
            "hostname": "",
            "id": "fhmadjns8e17fbj04t1g",
            "labels": {},
            "local_disk": [],
            "metadata": {
              "ssh-keys": "ubuntu:ssh-rsa AAAAB3NzaC1yc2EAAAADAQABAAABAQCgmbUnCso/GQ4jigRR2UvFHCWa4ZTG3zpO5z052Pxl0cj1sbv2nSWFJA8IR4CEjtr+c4CkdSyxR8pLtH30vg4TaAAjWPkIsXBrq4tQZleDfdWOKbFR8T8rKEAlHJBeWvcy06SP51k/cJ7AVg3liZrIJk1F8D8pDzoXQXWA8KoIYTbQQeWfeNoo3RO3sDWnZBhlGwucZjBjfnu18ZRkZzHIIi7DM3pF9EO7qW1zlU2+mNIYGDE+Y4+3jRU3duq7jyxe1ecfoae9iDmrtm/H5JdHk1kVqRe+Jq02BtBkzg8P8CEHHVvrlQaZsCh/eb4u2N+LS/3z1jGA2eZRYwL3+r09 komaroff@HP-Book\n"
            },
            "metadata_options": [
              {
                "aws_v1_http_endpoint": 1,
                "aws_v1_http_token": 2,
                "gce_http_endpoint": 1,
                "gce_http_token": 1
              }
            ],
            "name": "vm-private",
            "network_acceleration_type": "standard",
            "network_interface": [
              {
                "dns_record": [],
                "index": 0,
                "ip_address": "192.168.20.8",
                "ipv4": true,
                "ipv6": false,
                "ipv6_address": "",
                "ipv6_dns_record": [],
                "mac_address": "d0:0d:a6:ce:fc:43",
                "nat": false,
                "nat_dns_record": [],
                "nat_ip_address": "",
                "nat_ip_version": "",
                "security_group_ids": [],
                "subnet_id": "e9beql9mmbadsj0uerg2"
              }
            ],
            "placement_policy": [
              {
                "host_affinity_rules": [],
                "placement_group_id": ""
              }
            ],
            "platform_id": "standard-v1",
            "resources": [
              {
                "core_fraction": 100,
                "cores": 2,
                "gpus": 0,
                "memory": 2
              }
            ],
            "scheduling_policy": [
              {
                "preemptible": false
              }
            ],
            "secondary_disk": [],
            "service_account_id": "",
            "status": "running",
            "timeouts": null,
            "zone": "ru-central1-a"
          },
          "sensitive_attributes": [],
          "private": "eyJlMmJmYjczMC1lY2FhLTExZTYtOGY4OC0zNDM2M2JjN2M0YzAiOnsiY3JlYXRlIjozMDAwMDAwMDAwMDAsImRlbGV0ZSI6MzAwMDAwMDAwMDAwLCJ1cGRhdGUiOjMwMDAwMDAwMDAwMH0sInNjaGVtYV92ZXJzaW9uIjoiMSJ9",
          "dependencies": [
            "yandex_vpc_network.network-1",
            "yandex_vpc_subnet.private"
          ]
        }
      ]
    },
    {
      "mode": "managed",
      "type": "yandex_compute_instance",
      "name": "vm-public",
      "provider": "provider[\"registry.terraform.io/yandex-cloud/yandex\"]",
      "instances": [
        {
          "schema_version": 1,
          "attributes": {
            "allow_recreate": null,
            "allow_stopping_for_update": null,
            "boot_disk": [
              {
                "auto_delete": true,
                "device_name": "fhmv1gr345mnt9f2o24o",
                "disk_id": "fhmv1gr345mnt9f2o24o",
                "initialize_params": [
                  {
                    "block_size": 4096,
                    "description": "",
                    "image_id": "fd8f5l3798bmqndsmvem",
                    "name": "",
                    "size": 10,
                    "snapshot_id": "",
                    "type": "network-hdd"
                  }
                ],
                "mode": "READ_WRITE"
              }
            ],
            "created_at": "2023-08-29T17:32:44Z",
            "description": "",
            "filesystem": [],
            "folder_id": "b1g2qtuk0jrkcupgd36n",
            "fqdn": "fhm2614bgdh5fu9u1gkb.auto.internal",
            "gpu_cluster_id": "",
            "hostname": "",
            "id": "fhm2614bgdh5fu9u1gkb",
            "labels": {},
            "local_disk": [],
            "metadata": {
              "ssh-keys": "ubuntu:ssh-rsa AAAAB3NzaC1yc2EAAAADAQABAAABAQCgmbUnCso/GQ4jigRR2UvFHCWa4ZTG3zpO5z052Pxl0cj1sbv2nSWFJA8IR4CEjtr+c4CkdSyxR8pLtH30vg4TaAAjWPkIsXBrq4tQZleDfdWOKbFR8T8rKEAlHJBeWvcy06SP51k/cJ7AVg3liZrIJk1F8D8pDzoXQXWA8KoIYTbQQeWfeNoo3RO3sDWnZBhlGwucZjBjfnu18ZRkZzHIIi7DM3pF9EO7qW1zlU2+mNIYGDE+Y4+3jRU3duq7jyxe1ecfoae9iDmrtm/H5JdHk1kVqRe+Jq02BtBkzg8P8CEHHVvrlQaZsCh/eb4u2N+LS/3z1jGA2eZRYwL3+r09 komaroff@HP-Book\n"
            },
            "metadata_options": [
              {
                "aws_v1_http_endpoint": 1,
                "aws_v1_http_token": 2,
                "gce_http_endpoint": 1,
                "gce_http_token": 1
              }
            ],
            "name": "vm-public",
            "network_acceleration_type": "standard",
            "network_interface": [
              {
                "dns_record": [],
                "index": 0,
                "ip_address": "192.168.10.9",
                "ipv4": true,
                "ipv6": false,
                "ipv6_address": "",
                "ipv6_dns_record": [],
                "mac_address": "d0:0d:23:04:8b:83",
                "nat": true,
                "nat_dns_record": [],
                "nat_ip_address": "51.250.0.253",
                "nat_ip_version": "IPV4",
                "security_group_ids": [],
                "subnet_id": "e9blebamq1ui4t8deqar"
              }
            ],
            "placement_policy": [
              {
                "host_affinity_rules": [],
                "placement_group_id": ""
              }
            ],
            "platform_id": "standard-v1",
            "resources": [
              {
                "core_fraction": 100,
                "cores": 2,
                "gpus": 0,
                "memory": 2
              }
            ],
            "scheduling_policy": [
              {
                "preemptible": false
              }
            ],
            "secondary_disk": [],
            "service_account_id": "",
            "status": "running",
            "timeouts": null,
            "zone": "ru-central1-a"
          },
          "sensitive_attributes": [],
          "private": "eyJlMmJmYjczMC1lY2FhLTExZTYtOGY4OC0zNDM2M2JjN2M0YzAiOnsiY3JlYXRlIjozMDAwMDAwMDAwMDAsImRlbGV0ZSI6MzAwMDAwMDAwMDAwLCJ1cGRhdGUiOjMwMDAwMDAwMDAwMH0sInNjaGVtYV92ZXJzaW9uIjoiMSJ9",
          "dependencies": [
            "yandex_vpc_network.network-1",
            "yandex_vpc_subnet.public"
          ]
        }
      ]
    },
    {
      "mode": "managed",
      "type": "yandex_vpc_network",
      "name": "network-1",
      "provider": "provider[\"registry.terraform.io/yandex-cloud/yandex\"]",
      "instances": [
        {
          "schema_version": 0,
          "attributes": {
            "created_at": "2023-08-29T17:32:42Z",
            "default_security_group_id": "",
            "description": "",
            "folder_id": "b1g2qtuk0jrkcupgd36n",
            "id": "enpu79j3mqdgk7lu5cgp",
            "labels": {},
            "name": "network1",
            "subnet_ids": [
              "e9beql9mmbadsj0uerg2",
              "e9blebamq1ui4t8deqar"
            ],
            "timeouts": null
          },
          "sensitive_attributes": [],
          "private": "eyJlMmJmYjczMC1lY2FhLTExZTYtOGY4OC0zNDM2M2JjN2M0YzAiOnsiY3JlYXRlIjo2MDAwMDAwMDAwMCwiZGVsZXRlIjo2MDAwMDAwMDAwMCwidXBkYXRlIjo2MDAwMDAwMDAwMH19"
        }
      ]
    },
    {
      "mode": "managed",
      "type": "yandex_vpc_route_table",
      "name": "default_gw",
      "provider": "provider[\"registry.terraform.io/yandex-cloud/yandex\"]",
      "instances": [
        {
          "schema_version": 0,
          "attributes": {
            "created_at": "2023-08-29T17:35:25Z",
            "description": "",
            "folder_id": "b1g2qtuk0jrkcupgd36n",
            "id": "enprsqlgj8ib2sha127a",
            "labels": {},
            "name": "default_gw",
            "network_id": "enpu79j3mqdgk7lu5cgp",
            "static_route": [
              {
                "destination_prefix": "0.0.0.0/0",
                "gateway_id": "",
                "next_hop_address": "192.168.10.254"
              }
            ],
            "timeouts": null
          },
          "sensitive_attributes": [],
          "private": "eyJlMmJmYjczMC1lY2FhLTExZTYtOGY4OC0zNDM2M2JjN2M0YzAiOnsiY3JlYXRlIjoxODAwMDAwMDAwMDAsImRlbGV0ZSI6MTgwMDAwMDAwMDAwLCJ1cGRhdGUiOjE4MDAwMDAwMDAwMH19",
          "dependencies": [
            "yandex_vpc_network.network-1"
          ]
        }
      ]
    },
    {
      "mode": "managed",
      "type": "yandex_vpc_subnet",
      "name": "private",
      "provider": "provider[\"registry.terraform.io/yandex-cloud/yandex\"]",
      "instances": [
        {
          "schema_version": 0,
          "attributes": {
            "created_at": "2023-08-29T17:32:42Z",
            "description": "",
            "dhcp_options": [],
            "folder_id": "b1g2qtuk0jrkcupgd36n",
            "id": "e9beql9mmbadsj0uerg2",
            "labels": {},
            "name": "private",
            "network_id": "enpu79j3mqdgk7lu5cgp",
            "route_table_id": "enprsqlgj8ib2sha127a",
            "timeouts": null,
            "v4_cidr_blocks": [
              "192.168.20.0/24"
            ],
            "v6_cidr_blocks": [],
            "zone": "ru-central1-a"
          },
          "sensitive_attributes": [],
          "private": "eyJlMmJmYjczMC1lY2FhLTExZTYtOGY4OC0zNDM2M2JjN2M0YzAiOnsiY3JlYXRlIjoxODAwMDAwMDAwMDAsImRlbGV0ZSI6MTgwMDAwMDAwMDAwLCJ1cGRhdGUiOjE4MDAwMDAwMDAwMH19",
          "dependencies": [
            "yandex_vpc_network.network-1"
          ]
        }
      ]
    },
    {
      "mode": "managed",
      "type": "yandex_vpc_subnet",
      "name": "public",
      "provider": "provider[\"registry.terraform.io/yandex-cloud/yandex\"]",
      "instances": [
        {
          "schema_version": 0,
          "attributes": {
            "created_at": "2023-08-29T17:32:43Z",
            "description": "",
            "dhcp_options": [],
            "folder_id": "b1g2qtuk0jrkcupgd36n",
            "id": "e9blebamq1ui4t8deqar",
            "labels": {},
            "name": "public",
            "network_id": "enpu79j3mqdgk7lu5cgp",
            "route_table_id": "",
            "timeouts": null,
            "v4_cidr_blocks": [
              "192.168.10.0/24"
            ],
            "v6_cidr_blocks": [],
            "zone": "ru-central1-a"
          },
          "sensitive_attributes": [],
          "private": "eyJlMmJmYjczMC1lY2FhLTExZTYtOGY4OC0zNDM2M2JjN2M0YzAiOnsiY3JlYXRlIjoxODAwMDAwMDAwMDAsImRlbGV0ZSI6MTgwMDAwMDAwMDAwLCJ1cGRhdGUiOjE4MDAwMDAwMDAwMH19",
          "dependencies": [
            "yandex_vpc_network.network-1"
          ]
        }
      ]
    }
  ]
}
