{
  "version": 4,
  "terraform_version": "1.2.5",
  "serial": 18,
  "lineage": "9c33c716-accb-1c84-be88-0d97f95ea2b1",
  "outputs": {
    "external_ip_address_vm_1": {
      "value": "51.250.78.23",
      "type": "string"
    },
    "external_ip_address_vm_2": {
      "value": "51.250.10.44",
      "type": "string"
    },
    "internal_ip_address_vm_1": {
      "value": "192.168.10.11",
      "type": "string"
    },
    "internal_ip_address_vm_2": {
      "value": "192.168.10.3",
      "type": "string"
    }
  },
  "resources": [
    {
      "mode": "managed",
      "type": "yandex_compute_instance",
      "name": "vm-1",
      "provider": "provider[\"registry.terraform.io/yandex-cloud/yandex\"]",
      "instances": [
        {
          "schema_version": 1,
          "attributes": {
            "allow_recreate": null,
            "allow_stopping_for_update": null,
            "boot_disk": [
              {
                "auto_delete": true,
                "device_name": "fhmllmdl60ifkttq276m",
                "disk_id": "fhmllmdl60ifkttq276m",
                "initialize_params": [
                  {
                    "block_size": 4096,
                    "description": "",
                    "image_id": "fd8f5l3798bmqndsmvem",
                    "name": "",
                    "size": 10,
                    "snapshot_id": "",
                    "type": "network-hdd"
                  }
                ],
                "mode": "READ_WRITE"
              }
            ],
            "created_at": "2022-08-08T21:22:35Z",
            "description": "",
            "folder_id": "b1g3i641nh19u19bfr2q",
            "fqdn": "fhmh47vcgalulj9au2c7.auto.internal",
            "hostname": "",
            "id": "fhmh47vcgalulj9au2c7",
            "labels": null,
            "local_disk": [],
            "metadata": {
              "ssh-keys": "ubuntu:ssh-rsa AAAAB3NzaC1yc2EAAAADAQABAAABAQCgmbUnCso/GQ4jigRR2UvFHCWa4ZTG3zpO5z052Pxl0cj1sbv2nSWFJA8IR4CEjtr+c4CkdSyxR8pLtH30vg4TaAAjWPkIsXBrq4tQZleDfdWOKbFR8T8rKEAlHJBeWvcy06SP51k/cJ7AVg3liZrIJk1F8D8pDzoXQXWA8KoIYTbQQeWfeNoo3RO3sDWnZBhlGwucZjBjfnu18ZRkZzHIIi7DM3pF9EO7qW1zlU2+mNIYGDE+Y4+3jRU3duq7jyxe1ecfoae9iDmrtm/H5JdHk1kVqRe+Jq02BtBkzg8P8CEHHVvrlQaZsCh/eb4u2N+LS/3z1jGA2eZRYwL3+r09 komaroff@HP-Book\n"
            },
            "name": "terraform1",
            "network_acceleration_type": "standard",
            "network_interface": [
              {
                "dns_record": [],
                "index": 0,
                "ip_address": "192.168.10.11",
                "ipv4": true,
                "ipv6": false,
                "ipv6_address": "",
                "ipv6_dns_record": [],
                "mac_address": "d0:0d:11:21:fe:c8",
                "nat": true,
                "nat_dns_record": [],
                "nat_ip_address": "51.250.78.23",
                "nat_ip_version": "IPV4",
                "security_group_ids": [],
                "subnet_id": "e9bn9b4qp98p6jhkifcm"
              }
            ],
            "placement_policy": [
              {
                "host_affinity_rules": [],
                "placement_group_id": ""
              }
            ],
            "platform_id": "standard-v1",
            "resources": [
              {
                "core_fraction": 100,
                "cores": 2,
                "gpus": 0,
                "memory": 2
              }
            ],
            "scheduling_policy": [
              {
                "preemptible": false
              }
            ],
            "secondary_disk": [],
            "service_account_id": "",
            "status": "running",
            "timeouts": null,
            "zone": "ru-central1-a"
          },
          "sensitive_attributes": [],
          "private": "eyJlMmJmYjczMC1lY2FhLTExZTYtOGY4OC0zNDM2M2JjN2M0YzAiOnsiY3JlYXRlIjozMDAwMDAwMDAwMDAsImRlbGV0ZSI6MzAwMDAwMDAwMDAwLCJ1cGRhdGUiOjMwMDAwMDAwMDAwMH0sInNjaGVtYV92ZXJzaW9uIjoiMSJ9",
          "dependencies": [
            "yandex_vpc_network.network-1",
            "yandex_vpc_subnet.subnet-1"
          ]
        }
      ]
    },
    {
      "mode": "managed",
      "type": "yandex_compute_instance",
      "name": "vm-2",
      "provider": "provider[\"registry.terraform.io/yandex-cloud/yandex\"]",
      "instances": [
        {
          "schema_version": 1,
          "attributes": {
            "allow_recreate": null,
            "allow_stopping_for_update": null,
            "boot_disk": [
              {
                "auto_delete": true,
                "device_name": "fhmmq4b01t0u4ojaqr14",
                "disk_id": "fhmmq4b01t0u4ojaqr14",
                "initialize_params": [
                  {
                    "block_size": 4096,
                    "description": "",
                    "image_id": "fd8f5l3798bmqndsmvem",
                    "name": "",
                    "size": 10,
                    "snapshot_id": "",
                    "type": "network-hdd"
                  }
                ],
                "mode": "READ_WRITE"
              }
            ],
            "created_at": "2022-08-08T21:22:35Z",
            "description": "",
            "folder_id": "b1g3i641nh19u19bfr2q",
            "fqdn": "fhm71790unf92o6i87j5.auto.internal",
            "hostname": "",
            "id": "fhm71790unf92o6i87j5",
            "labels": null,
            "local_disk": [],
            "metadata": {
              "ssh-keys": "ubuntu:ssh-rsa AAAAB3NzaC1yc2EAAAADAQABAAABAQCgmbUnCso/GQ4jigRR2UvFHCWa4ZTG3zpO5z052Pxl0cj1sbv2nSWFJA8IR4CEjtr+c4CkdSyxR8pLtH30vg4TaAAjWPkIsXBrq4tQZleDfdWOKbFR8T8rKEAlHJBeWvcy06SP51k/cJ7AVg3liZrIJk1F8D8pDzoXQXWA8KoIYTbQQeWfeNoo3RO3sDWnZBhlGwucZjBjfnu18ZRkZzHIIi7DM3pF9EO7qW1zlU2+mNIYGDE+Y4+3jRU3duq7jyxe1ecfoae9iDmrtm/H5JdHk1kVqRe+Jq02BtBkzg8P8CEHHVvrlQaZsCh/eb4u2N+LS/3z1jGA2eZRYwL3+r09 komaroff@HP-Book\n"
            },
            "name": "terraform2",
            "network_acceleration_type": "standard",
            "network_interface": [
              {
                "dns_record": [],
                "index": 0,
                "ip_address": "192.168.10.3",
                "ipv4": true,
                "ipv6": false,
                "ipv6_address": "",
                "ipv6_dns_record": [],
                "mac_address": "d0:0d:70:9d:20:f5",
                "nat": true,
                "nat_dns_record": [],
                "nat_ip_address": "51.250.10.44",
                "nat_ip_version": "IPV4",
                "security_group_ids": [],
                "subnet_id": "e9bn9b4qp98p6jhkifcm"
              }
            ],
            "placement_policy": [
              {
                "host_affinity_rules": [],
                "placement_group_id": ""
              }
            ],
            "platform_id": "standard-v1",
            "resources": [
              {
                "core_fraction": 100,
                "cores": 4,
                "gpus": 0,
                "memory": 4
              }
            ],
            "scheduling_policy": [
              {
                "preemptible": false
              }
            ],
            "secondary_disk": [],
            "service_account_id": "",
            "status": "running",
            "timeouts": null,
            "zone": "ru-central1-a"
          },
          "sensitive_attributes": [],
          "private": "eyJlMmJmYjczMC1lY2FhLTExZTYtOGY4OC0zNDM2M2JjN2M0YzAiOnsiY3JlYXRlIjozMDAwMDAwMDAwMDAsImRlbGV0ZSI6MzAwMDAwMDAwMDAwLCJ1cGRhdGUiOjMwMDAwMDAwMDAwMH0sInNjaGVtYV92ZXJzaW9uIjoiMSJ9",
          "dependencies": [
            "yandex_vpc_network.network-1",
            "yandex_vpc_subnet.subnet-1"
          ]
        }
      ]
    },
    {
      "mode": "managed",
      "type": "yandex_vpc_network",
      "name": "network-1",
      "provider": "provider[\"registry.terraform.io/yandex-cloud/yandex\"]",
      "instances": [
        {
          "schema_version": 0,
          "attributes": {
            "created_at": "2022-08-08T21:22:32Z",
            "default_security_group_id": "",
            "description": "",
            "folder_id": "b1g3i641nh19u19bfr2q",
            "id": "enpk5auabpno3sehfneb",
            "labels": {},
            "name": "network1",
            "subnet_ids": [],
            "timeouts": null
          },
          "sensitive_attributes": [],
          "private": "eyJlMmJmYjczMC1lY2FhLTExZTYtOGY4OC0zNDM2M2JjN2M0YzAiOnsiY3JlYXRlIjo2MDAwMDAwMDAwMCwiZGVsZXRlIjo2MDAwMDAwMDAwMCwidXBkYXRlIjo2MDAwMDAwMDAwMH19"
        }
      ]
    },
    {
      "mode": "managed",
      "type": "yandex_vpc_subnet",
      "name": "subnet-1",
      "provider": "provider[\"registry.terraform.io/yandex-cloud/yandex\"]",
      "instances": [
        {
          "schema_version": 0,
          "attributes": {
            "created_at": "2022-08-08T21:22:33Z",
            "description": "",
            "dhcp_options": [],
            "folder_id": "b1g3i641nh19u19bfr2q",
            "id": "e9bn9b4qp98p6jhkifcm",
            "labels": {},
            "name": "subnet1",
            "network_id": "enpk5auabpno3sehfneb",
            "route_table_id": "",
            "timeouts": null,
            "v4_cidr_blocks": [
              "192.168.10.0/24"
            ],
            "v6_cidr_blocks": [],
            "zone": "ru-central1-a"
          },
          "sensitive_attributes": [],
          "private": "eyJlMmJmYjczMC1lY2FhLTExZTYtOGY4OC0zNDM2M2JjN2M0YzAiOnsiY3JlYXRlIjoxODAwMDAwMDAwMDAsImRlbGV0ZSI6MTgwMDAwMDAwMDAwLCJ1cGRhdGUiOjE4MDAwMDAwMDAwMH19",
          "dependencies": [
            "yandex_vpc_network.network-1"
          ]
        }
      ]
    }
  ]
}
