{
  "version": 4,
  "terraform_version": "1.2.5",
  "serial": 25,
  "lineage": "a371dc3d-0513-5d46-bb09-cd9b754cf0cb",
  "outputs": {},
  "resources": [
    {
      "mode": "managed",
      "type": "yandex_storage_bucket",
      "name": "ksg-bucket",
      "provider": "provider[\"registry.terraform.io/yandex-cloud/yandex\"]",
      "instances": [
        {
          "schema_version": 0,
          "attributes": {
            "access_key": "YCAJEB7GxVdKNWGep9NUsvHY4",
            "acl": null,
            "anonymous_access_flags": [
              {
                "config_read": false,
                "list": false,
                "read": false
              }
            ],
            "bucket": "ksg-bucket",
            "bucket_domain_name": "ksg-bucket.storage.yandexcloud.net",
            "bucket_prefix": null,
            "cors_rule": [],
            "default_storage_class": "STANDARD",
            "folder_id": "b1g2qtuk0jrkcupgd36n",
            "force_destroy": false,
            "grant": [],
            "https": [],
            "id": "ksg-bucket",
            "lifecycle_rule": [],
            "logging": [],
            "max_size": 0,
            "object_lock_configuration": [],
            "policy": "",
            "secret_key": "YCPjZRV0YViMTaJWI_atk90eLaNubSMdqvkPm7uA",
            "server_side_encryption_configuration": [],
            "tags": {},
            "versioning": [
              {
                "enabled": false
              }
            ],
            "website": [],
            "website_domain": null,
            "website_endpoint": null
          },
          "sensitive_attributes": [],
          "private": "bnVsbA=="
        }
      ]
    }
  ]
}
