{
  "version": 4,
  "terraform_version": "1.2.5",
  "serial": 132,
  "lineage": "faa0aefa-b807-f4c1-4f94-693125da0772",
  "outputs": {},
  "resources": [
    {
      "mode": "managed",
      "type": "yandex_iam_service_account",
      "name": "k8s-sa",
      "provider": "provider[\"registry.terraform.io/yandex-cloud/yandex\"]",
      "instances": [
        {
          "schema_version": 0,
          "attributes": {
            "created_at": "2023-01-18T13:42:58Z",
            "description": "",
            "folder_id": "b1g3i641nh19u19bfr2q",
            "id": "ajeifdmurkrj67nlksch",
            "name": "k8s-sa",
            "timeouts": null
          },
          "sensitive_attributes": [],
          "private": "eyJlMmJmYjczMC1lY2FhLTExZTYtOGY4OC0zNDM2M2JjN2M0YzAiOnsiY3JlYXRlIjo2MDAwMDAwMDAwMCwiZGVsZXRlIjo2MDAwMDAwMDAwMCwidXBkYXRlIjo2MDAwMDAwMDAwMH19"
        }
      ]
    },
    {
      "mode": "managed",
      "type": "yandex_kubernetes_cluster",
      "name": "k8s-cluster",
      "provider": "provider[\"registry.terraform.io/yandex-cloud/yandex\"]",
      "instances": [
        {
          "schema_version": 0,
          "attributes": {
            "cluster_ipv4_range": "10.112.0.0/16",
            "cluster_ipv6_range": "",
            "created_at": "2023-01-18T13:43:46Z",
            "description": "Managed Service for Kubernetes cluster",
            "folder_id": "b1g3i641nh19u19bfr2q",
            "health": "healthy",
            "id": "cat9entpeucocj9da420",
            "kms_provider": [],
            "labels": {},
            "log_group_id": "ckgbulg41o6fhvovr96r",
            "master": [
              {
                "cluster_ca_certificate": "-----BEGIN CERTIFICATE-----\nMIIC5zCCAc+gAwIBAgIBADANBgkqhkiG9w0BAQsFADAVMRMwEQYDVQQDEwprdWJl\ncm5ldGVzMB4XDTIzMDExODEzNDM0N1oXDTMzMDExNTEzNDM0N1owFTETMBEGA1UE\nAxMKa3ViZXJuZXRlczCCASIwDQYJKoZIhvcNAQEBBQADggEPADCCAQoCggEBAKBi\niq9krZHQWUu0bafqeVxNIx5nP/4YFH2/dY9jx1JhlMIEv+CY2kXC+stnDf5qnr6N\n7/kxkiYUGzyF65XHETqBYJrAL/MjprX0Sn34ym53bBF+emQwK8J+WNHReNXoM6Z2\nB2NV5X+m0chp10NrtVpHwjPJpwnqTpzPAwbhhFlak0xD9skAzlv++MD/4sru3of7\nj9xTpMiFKLf0JlHcjuznHVgnROAibGcOMJa8g5v69gUR7rsrHQ+wxF6G6YTO5Iky\nQjnNIAF3G6U4zvAQkiOoDsH9iUPjrNmVBmX/Xw3T3mIgmYXa+mbNh4E/bTpGpETh\nWkN2gQ8+Pozzm+L+ot8CAwEAAaNCMEAwDgYDVR0PAQH/BAQDAgKkMA8GA1UdEwEB\n/wQFMAMBAf8wHQYDVR0OBBYEFFgaDh0leDlufE9IFoyp4tPU7fhoMA0GCSqGSIb3\nDQEBCwUAA4IBAQBmK3yAMeBW3Z1za03S1FAWGP57Tx94qjUlAcTiqlF4pw4xgCUt\nfS08d0UhJZSaPKcJDuBitTkdl7BKhOJoRYt/tXp6+k+BLJJ8xv954A50/PQB/tre\nOtXukbvvwBlSpR1/0bm9Nkt7g4IMyyn5czl3qx4RshRPvWpBsVYw5vwrOVhp8y1h\nVUL7WPGxEDK+it5eM0YJfFlg6Jila+0ywZ89q1XSQ6uFyHOmVkzQ9tYxIOHHX+Mc\nZJBx9gsNbvh0Y7/KdRkXrJyOE3Euy8kqN9uTWIjPnQkAodn+LClmVcXYsy1uxvJV\nE8vQNPmMa9gVCdnVjwKEX5yf/5IkZcMtdp0v\n-----END CERTIFICATE-----\n",
                "external_v4_address": "158.160.55.132",
                "external_v4_endpoint": "https://158.160.55.132",
                "internal_v4_address": "10.1.0.7",
                "internal_v4_endpoint": "https://10.1.0.7",
                "maintenance_policy": [
                  {
                    "auto_upgrade": true,
                    "maintenance_window": []
                  }
                ],
                "public_ip": true,
                "regional": [],
                "security_group_ids": [
                  "enpe9h3u60mj73gvlj5b"
                ],
                "version": "1.23",
                "version_info": [
                  {
                    "current_version": "1.23",
                    "new_revision_available": false,
                    "new_revision_summary": "",
                    "version_deprecated": false
                  }
                ],
                "zonal": [
                  {
                    "subnet_id": "e9btil5l3hipo21dnc1v",
                    "zone": "ru-central1-a"
                  }
                ]
              }
            ],
            "name": "k8s-cluster",
            "network_id": "enponnut8iese1tkmqpv",
            "network_implementation": [],
            "network_policy_provider": null,
            "node_ipv4_cidr_mask_size": 24,
            "node_service_account_id": "ajeifdmurkrj67nlksch",
            "release_channel": "REGULAR",
            "service_account_id": "ajeifdmurkrj67nlksch",
            "service_ipv4_range": "10.96.0.0/16",
            "service_ipv6_range": "",
            "status": "running",
            "timeouts": null
          },
          "sensitive_attributes": [],
          "private": "eyJlMmJmYjczMC1lY2FhLTExZTYtOGY4OC0zNDM2M2JjN2M0YzAiOnsiY3JlYXRlIjoxODAwMDAwMDAwMDAwLCJkZWxldGUiOjEyMDAwMDAwMDAwMDAsInJlYWQiOjMwMDAwMDAwMDAwMCwidXBkYXRlIjoxODAwMDAwMDAwMDAwfX0=",
          "dependencies": [
            "yandex_iam_service_account.k8s-sa",
            "yandex_resourcemanager_folder_iam_binding.editor",
            "yandex_resourcemanager_folder_iam_binding.images-puller",
            "yandex_vpc_network.k8s-network",
            "yandex_vpc_security_group.k8s-main-sg",
            "yandex_vpc_subnet.subnet-a"
          ]
        }
      ]
    },
    {
      "mode": "managed",
      "type": "yandex_kubernetes_node_group",
      "name": "k8s-node-group",
      "provider": "provider[\"registry.terraform.io/yandex-cloud/yandex\"]",
      "instances": [
        {
          "schema_version": 0,
          "attributes": {
            "allocation_policy": [
              {
                "location": [
                  {
                    "subnet_id": "e9btil5l3hipo21dnc1v",
                    "zone": "ru-central1-a"
                  }
                ]
              }
            ],
            "allowed_unsafe_sysctls": null,
            "cluster_id": "cat9entpeucocj9da420",
            "created_at": "2023-01-18T13:51:51Z",
            "deploy_policy": [
              {
                "max_expansion": 3,
                "max_unavailable": 0
              }
            ],
            "description": "Node group for Managed Service for Kubernetes cluster",
            "id": "cat1l4nbeh5661tsasv1",
            "instance_group_id": "cl1r8nfgcct491jbdfg9",
            "instance_template": [
              {
                "boot_disk": [
                  {
                    "size": 64,
                    "type": "network-hdd"
                  }
                ],
                "container_runtime": [],
                "labels": null,
                "metadata": {},
                "name": "",
                "nat": true,
                "network_acceleration_type": "type_unspecified",
                "network_interface": [
                  {
                    "ipv4": true,
                    "ipv4_dns_records": [],
                    "ipv6": false,
                    "ipv6_dns_records": [],
                    "nat": true,
                    "security_group_ids": [
                      "enpe7msbvjinnhme4cm7",
                      "enpe9h3u60mj73gvlj5b"
                    ],
                    "subnet_ids": [
                      "e9btil5l3hipo21dnc1v"
                    ]
                  }
                ],
                "placement_policy": [],
                "platform_id": "standard-v2",
                "resources": [
                  {
                    "core_fraction": 100,
                    "cores": 4,
                    "gpus": 0,
                    "memory": 4
                  }
                ],
                "scheduling_policy": [
                  {
                    "preemptible": false
                  }
                ]
              }
            ],
            "labels": {},
            "maintenance_policy": [
              {
                "auto_repair": true,
                "auto_upgrade": true,
                "maintenance_window": []
              }
            ],
            "name": "k8s-node-group",
            "node_labels": null,
            "node_taints": null,
            "scale_policy": [
              {
                "auto_scale": [],
                "fixed_scale": [
                  {
                    "size": 1
                  }
                ]
              }
            ],
            "status": "running",
            "timeouts": null,
            "version": "1.23",
            "version_info": [
              {
                "current_version": "1.23",
                "new_revision_available": false,
                "new_revision_summary": "",
                "version_deprecated": false
              }
            ]
          },
          "sensitive_attributes": [],
          "private": "eyJlMmJmYjczMC1lY2FhLTExZTYtOGY4OC0zNDM2M2JjN2M0YzAiOnsiY3JlYXRlIjozNjAwMDAwMDAwMDAwLCJkZWxldGUiOjEyMDAwMDAwMDAwMDAsInJlYWQiOjYwMDAwMDAwMDAwMCwidXBkYXRlIjozNjAwMDAwMDAwMDAwfX0=",
          "dependencies": [
            "yandex_iam_service_account.k8s-sa",
            "yandex_kubernetes_cluster.k8s-cluster",
            "yandex_resourcemanager_folder_iam_binding.editor",
            "yandex_resourcemanager_folder_iam_binding.images-puller",
            "yandex_vpc_network.k8s-network",
            "yandex_vpc_security_group.k8s-main-sg",
            "yandex_vpc_security_group.k8s-public-services",
            "yandex_vpc_subnet.subnet-a"
          ]
        }
      ]
    },
    {
      "mode": "managed",
      "type": "yandex_resourcemanager_folder_iam_binding",
      "name": "editor",
      "provider": "provider[\"registry.terraform.io/yandex-cloud/yandex\"]",
      "instances": [
        {
          "schema_version": 0,
          "attributes": {
            "folder_id": "b1g3i641nh19u19bfr2q",
            "id": "b1g3i641nh19u19bfr2q/editor",
            "members": [
              "serviceAccount:ajeifdmurkrj67nlksch"
            ],
            "role": "editor",
            "sleep_after": null
          },
          "sensitive_attributes": [],
          "private": "bnVsbA==",
          "dependencies": [
            "yandex_iam_service_account.k8s-sa"
          ]
        }
      ]
    },
    {
      "mode": "managed",
      "type": "yandex_resourcemanager_folder_iam_binding",
      "name": "images-puller",
      "provider": "provider[\"registry.terraform.io/yandex-cloud/yandex\"]",
      "instances": [
        {
          "schema_version": 0,
          "attributes": {
            "folder_id": "b1g3i641nh19u19bfr2q",
            "id": "b1g3i641nh19u19bfr2q/container-registry.images.puller",
            "members": [
              "serviceAccount:ajeifdmurkrj67nlksch"
            ],
            "role": "container-registry.images.puller",
            "sleep_after": null
          },
          "sensitive_attributes": [],
          "private": "bnVsbA==",
          "dependencies": [
            "yandex_iam_service_account.k8s-sa"
          ]
        }
      ]
    },
    {
      "mode": "managed",
      "type": "yandex_vpc_network",
      "name": "k8s-network",
      "provider": "provider[\"registry.terraform.io/yandex-cloud/yandex\"]",
      "instances": [
        {
          "schema_version": 0,
          "attributes": {
            "created_at": "2023-01-18T13:42:57Z",
            "default_security_group_id": "",
            "description": "Network for the Managed Service for Kubernetes cluster",
            "folder_id": "b1g3i641nh19u19bfr2q",
            "id": "enponnut8iese1tkmqpv",
            "labels": {},
            "name": "k8s-network",
            "subnet_ids": [
              "e9btil5l3hipo21dnc1v"
            ],
            "timeouts": null
          },
          "sensitive_attributes": [],
          "private": "eyJlMmJmYjczMC1lY2FhLTExZTYtOGY4OC0zNDM2M2JjN2M0YzAiOnsiY3JlYXRlIjo2MDAwMDAwMDAwMCwiZGVsZXRlIjo2MDAwMDAwMDAwMCwidXBkYXRlIjo2MDAwMDAwMDAwMH19"
        }
      ]
    },
    {
      "mode": "managed",
      "type": "yandex_vpc_security_group",
      "name": "k8s-main-sg",
      "provider": "provider[\"registry.terraform.io/yandex-cloud/yandex\"]",
      "instances": [
        {
          "schema_version": 0,
          "attributes": {
            "created_at": "2023-01-18T13:43:00Z",
            "description": "Group rules ensure the basic performance of the cluster. Apply it to the cluster and node groups.",
            "egress": [
              {
                "description": "The rule allows all outgoing traffic. Nodes can connect to Yandex Container Registry, Object Storage, Docker Hub, and more.",
                "from_port": 0,
                "id": "enpq23kms82fcj9d1umd",
                "labels": {},
                "port": -1,
                "predefined_target": "",
                "protocol": "ANY",
                "security_group_id": "",
                "to_port": 65535,
                "v4_cidr_blocks": [
                  "0.0.0.0/0"
                ],
                "v6_cidr_blocks": []
              }
            ],
            "folder_id": "b1g3i641nh19u19bfr2q",
            "id": "enpe9h3u60mj73gvlj5b",
            "ingress": [
              {
                "description": "The rule allows availability checks from the load balancer's range of addresses. It is required for the operation of a fault-tolerant cluster and load balancer services.",
                "from_port": 0,
                "id": "enp31opub99uf2sij3gk",
                "labels": {},
                "port": -1,
                "predefined_target": "",
                "protocol": "TCP",
                "security_group_id": "",
                "to_port": 65535,
                "v4_cidr_blocks": [
                  "198.18.235.0/24",
                  "198.18.248.0/24"
                ],
                "v6_cidr_blocks": []
              },
              {
                "description": "The rule allows connection to Kubernetes API on 443 port from specified network.",
                "from_port": -1,
                "id": "enpo9p6bcost4d7qbl8m",
                "labels": {},
                "port": 443,
                "predefined_target": "",
                "protocol": "TCP",
                "security_group_id": "",
                "to_port": -1,
                "v4_cidr_blocks": [
                  "0.0.0.0/0"
                ],
                "v6_cidr_blocks": []
              },
              {
                "description": "The rule allows connection to Kubernetes API on 6443 port from specified network.",
                "from_port": -1,
                "id": "enp96bgmlgsrka6belqu",
                "labels": {},
                "port": 6443,
                "predefined_target": "",
                "protocol": "TCP",
                "security_group_id": "",
                "to_port": -1,
                "v4_cidr_blocks": [
                  "0.0.0.0/0"
                ],
                "v6_cidr_blocks": []
              },
              {
                "description": "The rule allows receipt of debugging ICMP packets from internal subnets.",
                "from_port": -1,
                "id": "enpv8evolon5d6it5l5h",
                "labels": {},
                "port": -1,
                "predefined_target": "",
                "protocol": "ICMP",
                "security_group_id": "",
                "to_port": -1,
                "v4_cidr_blocks": [
                  "10.1.0.0/16"
                ],
                "v6_cidr_blocks": []
              },
              {
                "description": "The rule allows the master-node and node-node interaction within the security group.",
                "from_port": 0,
                "id": "enpjr0sbtr3k48i5llv4",
                "labels": {},
                "port": -1,
                "predefined_target": "self_security_group",
                "protocol": "ANY",
                "security_group_id": "",
                "to_port": 65535,
                "v4_cidr_blocks": [],
                "v6_cidr_blocks": []
              },
              {
                "description": "The rule allows the pod-pod and service-service interaction. Specify the subnets of your cluster and services.",
                "from_port": 0,
                "id": "enp98u10v40acpntbuvj",
                "labels": {},
                "port": -1,
                "predefined_target": "",
                "protocol": "ANY",
                "security_group_id": "",
                "to_port": 65535,
                "v4_cidr_blocks": [
                  "10.1.0.0/16"
                ],
                "v6_cidr_blocks": []
              }
            ],
            "labels": {},
            "name": "k8s-main-sg",
            "network_id": "enponnut8iese1tkmqpv",
            "status": "ACTIVE",
            "timeouts": null
          },
          "sensitive_attributes": [],
          "private": "eyJlMmJmYjczMC1lY2FhLTExZTYtOGY4OC0zNDM2M2JjN2M0YzAiOnsiY3JlYXRlIjoxODAwMDAwMDAwMDAsImRlbGV0ZSI6MTgwMDAwMDAwMDAwLCJ1cGRhdGUiOjE4MDAwMDAwMDAwMH19",
          "dependencies": [
            "yandex_vpc_network.k8s-network"
          ]
        }
      ]
    },
    {
      "mode": "managed",
      "type": "yandex_vpc_security_group",
      "name": "k8s-public-services",
      "provider": "provider[\"registry.terraform.io/yandex-cloud/yandex\"]",
      "instances": [
        {
          "schema_version": 0,
          "attributes": {
            "created_at": "2023-01-18T13:42:59Z",
            "description": "Group rules allow connections to services from the internet. Apply the rules only for node groups.",
            "egress": [],
            "folder_id": "b1g3i641nh19u19bfr2q",
            "id": "enpe7msbvjinnhme4cm7",
            "ingress": [
              {
                "description": "Rule allows incoming traffic from the internet to the NodePort port range. Add ports or change existing ones to the required ports.",
                "from_port": 30000,
                "id": "enp2atbs9c6u3ju7hltb",
                "labels": {},
                "port": -1,
                "predefined_target": "",
                "protocol": "TCP",
                "security_group_id": "",
                "to_port": 32767,
                "v4_cidr_blocks": [
                  "0.0.0.0/0"
                ],
                "v6_cidr_blocks": []
              }
            ],
            "labels": {},
            "name": "k8s-public-services",
            "network_id": "enponnut8iese1tkmqpv",
            "status": "ACTIVE",
            "timeouts": null
          },
          "sensitive_attributes": [],
          "private": "eyJlMmJmYjczMC1lY2FhLTExZTYtOGY4OC0zNDM2M2JjN2M0YzAiOnsiY3JlYXRlIjoxODAwMDAwMDAwMDAsImRlbGV0ZSI6MTgwMDAwMDAwMDAwLCJ1cGRhdGUiOjE4MDAwMDAwMDAwMH19",
          "dependencies": [
            "yandex_vpc_network.k8s-network"
          ]
        }
      ]
    },
    {
      "mode": "managed",
      "type": "yandex_vpc_subnet",
      "name": "subnet-a",
      "provider": "provider[\"registry.terraform.io/yandex-cloud/yandex\"]",
      "instances": [
        {
          "schema_version": 0,
          "attributes": {
            "created_at": "2023-01-18T13:43:00Z",
            "description": "Subnet in ru-central1-a availability zone",
            "dhcp_options": [],
            "folder_id": "b1g3i641nh19u19bfr2q",
            "id": "e9btil5l3hipo21dnc1v",
            "labels": {},
            "name": "subnet-a",
            "network_id": "enponnut8iese1tkmqpv",
            "route_table_id": "",
            "timeouts": null,
            "v4_cidr_blocks": [
              "10.1.0.0/16"
            ],
            "v6_cidr_blocks": [],
            "zone": "ru-central1-a"
          },
          "sensitive_attributes": [],
          "private": "eyJlMmJmYjczMC1lY2FhLTExZTYtOGY4OC0zNDM2M2JjN2M0YzAiOnsiY3JlYXRlIjoxODAwMDAwMDAwMDAsImRlbGV0ZSI6MTgwMDAwMDAwMDAwLCJ1cGRhdGUiOjE4MDAwMDAwMDAwMH19",
          "dependencies": [
            "yandex_vpc_network.k8s-network"
          ]
        }
      ]
    }
  ]
}
