{
  "version": 4,
  "terraform_version": "1.2.5",
  "serial": 54,
  "lineage": "faa0aefa-b807-f4c1-4f94-693125da0772",
  "outputs": {
    "external_ip_address_vm_1": {
      "value": "158.160.47.136",
      "type": "string"
    },
    "external_ip_address_vm_2": {
      "value": "158.160.46.60",
      "type": "string"
    },
    "external_ip_address_vm_3": {
      "value": "158.160.41.38",
      "type": "string"
    },
    "internal_ip_address_vm_1": {
      "value": "192.168.50.12",
      "type": "string"
    },
    "internal_ip_address_vm_2": {
      "value": "192.168.50.32",
      "type": "string"
    },
    "internal_ip_address_vm_3": {
      "value": "192.168.50.6",
      "type": "string"
    }
  },
  "resources": [
    {
      "mode": "managed",
      "type": "yandex_compute_instance",
      "name": "vm-1",
      "provider": "provider[\"registry.terraform.io/yandex-cloud/yandex\"]",
      "instances": [
        {
          "schema_version": 1,
          "attributes": {
            "allow_recreate": null,
            "allow_stopping_for_update": null,
            "boot_disk": [
              {
                "auto_delete": true,
                "device_name": "fhm223d0v1s6s7i89mlm",
                "disk_id": "fhm223d0v1s6s7i89mlm",
                "initialize_params": [
                  {
                    "block_size": 4096,
                    "description": "",
                    "image_id": "fd80le4b8gt2u33lvubr",
                    "name": "",
                    "size": 10,
                    "snapshot_id": "",
                    "type": "network-hdd"
                  }
                ],
                "mode": "READ_WRITE"
              }
            ],
            "created_at": "2022-11-23T12:32:47Z",
            "description": "",
            "folder_id": "b1g3i641nh19u19bfr2q",
            "fqdn": "fhmkpedu3pine2rmt7km.auto.internal",
            "hostname": "",
            "id": "fhmkpedu3pine2rmt7km",
            "labels": null,
            "local_disk": [],
            "metadata": {
              "ssh-keys": "ubuntu:ssh-rsa AAAAB3NzaC1yc2EAAAADAQABAAABAQCgmbUnCso/GQ4jigRR2UvFHCWa4ZTG3zpO5z052Pxl0cj1sbv2nSWFJA8IR4CEjtr+c4CkdSyxR8pLtH30vg4TaAAjWPkIsXBrq4tQZleDfdWOKbFR8T8rKEAlHJBeWvcy06SP51k/cJ7AVg3liZrIJk1F8D8pDzoXQXWA8KoIYTbQQeWfeNoo3RO3sDWnZBhlGwucZjBjfnu18ZRkZzHIIi7DM3pF9EO7qW1zlU2+mNIYGDE+Y4+3jRU3duq7jyxe1ecfoae9iDmrtm/H5JdHk1kVqRe+Jq02BtBkzg8P8CEHHVvrlQaZsCh/eb4u2N+LS/3z1jGA2eZRYwL3+r09 komaroff@HP-Book\n"
            },
            "name": "clickhouse1",
            "network_acceleration_type": "standard",
            "network_interface": [
              {
                "dns_record": [],
                "index": 0,
                "ip_address": "192.168.50.12",
                "ipv4": true,
                "ipv6": false,
                "ipv6_address": "",
                "ipv6_dns_record": [],
                "mac_address": "d0:0d:14:cb:9b:e1",
                "nat": true,
                "nat_dns_record": [],
                "nat_ip_address": "158.160.47.136",
                "nat_ip_version": "IPV4",
                "security_group_ids": [],
                "subnet_id": "e9bh53cisklskje8pd25"
              }
            ],
            "placement_policy": [
              {
                "host_affinity_rules": [],
                "placement_group_id": ""
              }
            ],
            "platform_id": "standard-v1",
            "resources": [
              {
                "core_fraction": 100,
                "cores": 2,
                "gpus": 0,
                "memory": 2
              }
            ],
            "scheduling_policy": [
              {
                "preemptible": false
              }
            ],
            "secondary_disk": [],
            "service_account_id": "",
            "status": "running",
            "timeouts": null,
            "zone": "ru-central1-a"
          },
          "sensitive_attributes": [],
          "private": "eyJlMmJmYjczMC1lY2FhLTExZTYtOGY4OC0zNDM2M2JjN2M0YzAiOnsiY3JlYXRlIjozMDAwMDAwMDAwMDAsImRlbGV0ZSI6MzAwMDAwMDAwMDAwLCJ1cGRhdGUiOjMwMDAwMDAwMDAwMH0sInNjaGVtYV92ZXJzaW9uIjoiMSJ9",
          "dependencies": [
            "yandex_vpc_network.network-1",
            "yandex_vpc_subnet.subnet-1"
          ]
        }
      ]
    },
    {
      "mode": "managed",
      "type": "yandex_compute_instance",
      "name": "vm-2",
      "provider": "provider[\"registry.terraform.io/yandex-cloud/yandex\"]",
      "instances": [
        {
          "schema_version": 1,
          "attributes": {
            "allow_recreate": null,
            "allow_stopping_for_update": null,
            "boot_disk": [
              {
                "auto_delete": true,
                "device_name": "fhmkk20bjfe5uomgsmip",
                "disk_id": "fhmkk20bjfe5uomgsmip",
                "initialize_params": [
                  {
                    "block_size": 4096,
                    "description": "",
                    "image_id": "fd80le4b8gt2u33lvubr",
                    "name": "",
                    "size": 10,
                    "snapshot_id": "",
                    "type": "network-hdd"
                  }
                ],
                "mode": "READ_WRITE"
              }
            ],
            "created_at": "2022-11-23T12:32:47Z",
            "description": "",
            "folder_id": "b1g3i641nh19u19bfr2q",
            "fqdn": "fhm9vml1653jc7mvpgh7.auto.internal",
            "hostname": "",
            "id": "fhm9vml1653jc7mvpgh7",
            "labels": null,
            "local_disk": [],
            "metadata": {
              "ssh-keys": "ubuntu:ssh-rsa AAAAB3NzaC1yc2EAAAADAQABAAABAQCgmbUnCso/GQ4jigRR2UvFHCWa4ZTG3zpO5z052Pxl0cj1sbv2nSWFJA8IR4CEjtr+c4CkdSyxR8pLtH30vg4TaAAjWPkIsXBrq4tQZleDfdWOKbFR8T8rKEAlHJBeWvcy06SP51k/cJ7AVg3liZrIJk1F8D8pDzoXQXWA8KoIYTbQQeWfeNoo3RO3sDWnZBhlGwucZjBjfnu18ZRkZzHIIi7DM3pF9EO7qW1zlU2+mNIYGDE+Y4+3jRU3duq7jyxe1ecfoae9iDmrtm/H5JdHk1kVqRe+Jq02BtBkzg8P8CEHHVvrlQaZsCh/eb4u2N+LS/3z1jGA2eZRYwL3+r09 komaroff@HP-Book\n"
            },
            "name": "vector1",
            "network_acceleration_type": "standard",
            "network_interface": [
              {
                "dns_record": [],
                "index": 0,
                "ip_address": "192.168.50.32",
                "ipv4": true,
                "ipv6": false,
                "ipv6_address": "",
                "ipv6_dns_record": [],
                "mac_address": "d0:0d:9f:da:a1:31",
                "nat": true,
                "nat_dns_record": [],
                "nat_ip_address": "158.160.46.60",
                "nat_ip_version": "IPV4",
                "security_group_ids": [],
                "subnet_id": "e9bh53cisklskje8pd25"
              }
            ],
            "placement_policy": [
              {
                "host_affinity_rules": [],
                "placement_group_id": ""
              }
            ],
            "platform_id": "standard-v1",
            "resources": [
              {
                "core_fraction": 100,
                "cores": 2,
                "gpus": 0,
                "memory": 2
              }
            ],
            "scheduling_policy": [
              {
                "preemptible": false
              }
            ],
            "secondary_disk": [],
            "service_account_id": "",
            "status": "running",
            "timeouts": null,
            "zone": "ru-central1-a"
          },
          "sensitive_attributes": [],
          "private": "eyJlMmJmYjczMC1lY2FhLTExZTYtOGY4OC0zNDM2M2JjN2M0YzAiOnsiY3JlYXRlIjozMDAwMDAwMDAwMDAsImRlbGV0ZSI6MzAwMDAwMDAwMDAwLCJ1cGRhdGUiOjMwMDAwMDAwMDAwMH0sInNjaGVtYV92ZXJzaW9uIjoiMSJ9",
          "dependencies": [
            "yandex_vpc_network.network-1",
            "yandex_vpc_subnet.subnet-1"
          ]
        }
      ]
    },
    {
      "mode": "managed",
      "type": "yandex_compute_instance",
      "name": "vm-3",
      "provider": "provider[\"registry.terraform.io/yandex-cloud/yandex\"]",
      "instances": [
        {
          "schema_version": 1,
          "attributes": {
            "allow_recreate": null,
            "allow_stopping_for_update": null,
            "boot_disk": [
              {
                "auto_delete": true,
                "device_name": "fhmfdglgi3l7hnlf2tml",
                "disk_id": "fhmfdglgi3l7hnlf2tml",
                "initialize_params": [
                  {
                    "block_size": 4096,
                    "description": "",
                    "image_id": "fd80le4b8gt2u33lvubr",
                    "name": "",
                    "size": 10,
                    "snapshot_id": "",
                    "type": "network-hdd"
                  }
                ],
                "mode": "READ_WRITE"
              }
            ],
            "created_at": "2022-11-23T12:32:47Z",
            "description": "",
            "folder_id": "b1g3i641nh19u19bfr2q",
            "fqdn": "fhmmkmlb4v9nk8ae0ovm.auto.internal",
            "hostname": "",
            "id": "fhmmkmlb4v9nk8ae0ovm",
            "labels": null,
            "local_disk": [],
            "metadata": {
              "ssh-keys": "ubuntu:ssh-rsa AAAAB3NzaC1yc2EAAAADAQABAAABAQCgmbUnCso/GQ4jigRR2UvFHCWa4ZTG3zpO5z052Pxl0cj1sbv2nSWFJA8IR4CEjtr+c4CkdSyxR8pLtH30vg4TaAAjWPkIsXBrq4tQZleDfdWOKbFR8T8rKEAlHJBeWvcy06SP51k/cJ7AVg3liZrIJk1F8D8pDzoXQXWA8KoIYTbQQeWfeNoo3RO3sDWnZBhlGwucZjBjfnu18ZRkZzHIIi7DM3pF9EO7qW1zlU2+mNIYGDE+Y4+3jRU3duq7jyxe1ecfoae9iDmrtm/H5JdHk1kVqRe+Jq02BtBkzg8P8CEHHVvrlQaZsCh/eb4u2N+LS/3z1jGA2eZRYwL3+r09 komaroff@HP-Book\n"
            },
            "name": "lighthouse1",
            "network_acceleration_type": "standard",
            "network_interface": [
              {
                "dns_record": [],
                "index": 0,
                "ip_address": "192.168.50.6",
                "ipv4": true,
                "ipv6": false,
                "ipv6_address": "",
                "ipv6_dns_record": [],
                "mac_address": "d0:0d:16:a5:aa:b2",
                "nat": true,
                "nat_dns_record": [],
                "nat_ip_address": "158.160.41.38",
                "nat_ip_version": "IPV4",
                "security_group_ids": [],
                "subnet_id": "e9bh53cisklskje8pd25"
              }
            ],
            "placement_policy": [
              {
                "host_affinity_rules": [],
                "placement_group_id": ""
              }
            ],
            "platform_id": "standard-v1",
            "resources": [
              {
                "core_fraction": 100,
                "cores": 2,
                "gpus": 0,
                "memory": 2
              }
            ],
            "scheduling_policy": [
              {
                "preemptible": false
              }
            ],
            "secondary_disk": [],
            "service_account_id": "",
            "status": "running",
            "timeouts": null,
            "zone": "ru-central1-a"
          },
          "sensitive_attributes": [],
          "private": "eyJlMmJmYjczMC1lY2FhLTExZTYtOGY4OC0zNDM2M2JjN2M0YzAiOnsiY3JlYXRlIjozMDAwMDAwMDAwMDAsImRlbGV0ZSI6MzAwMDAwMDAwMDAwLCJ1cGRhdGUiOjMwMDAwMDAwMDAwMH0sInNjaGVtYV92ZXJzaW9uIjoiMSJ9",
          "dependencies": [
            "yandex_vpc_network.network-1",
            "yandex_vpc_subnet.subnet-1"
          ]
        }
      ]
    },
    {
      "mode": "managed",
      "type": "yandex_vpc_network",
      "name": "network-1",
      "provider": "provider[\"registry.terraform.io/yandex-cloud/yandex\"]",
      "instances": [
        {
          "schema_version": 0,
          "attributes": {
            "created_at": "2022-11-23T12:32:44Z",
            "default_security_group_id": "",
            "description": "",
            "folder_id": "b1g3i641nh19u19bfr2q",
            "id": "enpt3l0cqolpe7cdbjqr",
            "labels": {},
            "name": "network1",
            "subnet_ids": [],
            "timeouts": null
          },
          "sensitive_attributes": [],
          "private": "eyJlMmJmYjczMC1lY2FhLTExZTYtOGY4OC0zNDM2M2JjN2M0YzAiOnsiY3JlYXRlIjo2MDAwMDAwMDAwMCwiZGVsZXRlIjo2MDAwMDAwMDAwMCwidXBkYXRlIjo2MDAwMDAwMDAwMH19"
        }
      ]
    },
    {
      "mode": "managed",
      "type": "yandex_vpc_subnet",
      "name": "subnet-1",
      "provider": "provider[\"registry.terraform.io/yandex-cloud/yandex\"]",
      "instances": [
        {
          "schema_version": 0,
          "attributes": {
            "created_at": "2022-11-23T12:32:46Z",
            "description": "",
            "dhcp_options": [],
            "folder_id": "b1g3i641nh19u19bfr2q",
            "id": "e9bh53cisklskje8pd25",
            "labels": {},
            "name": "subnet1",
            "network_id": "enpt3l0cqolpe7cdbjqr",
            "route_table_id": "",
            "timeouts": null,
            "v4_cidr_blocks": [
              "192.168.50.0/24"
            ],
            "v6_cidr_blocks": [],
            "zone": "ru-central1-a"
          },
          "sensitive_attributes": [],
          "private": "eyJlMmJmYjczMC1lY2FhLTExZTYtOGY4OC0zNDM2M2JjN2M0YzAiOnsiY3JlYXRlIjoxODAwMDAwMDAwMDAsImRlbGV0ZSI6MTgwMDAwMDAwMDAwLCJ1cGRhdGUiOjE4MDAwMDAwMDAwMH19",
          "dependencies": [
            "yandex_vpc_network.network-1"
          ]
        }
      ]
    }
  ]
}
