{
  "version": 4,
  "terraform_version": "1.2.5",
  "serial": 114,
  "lineage": "faa0aefa-b807-f4c1-4f94-693125da0772",
  "outputs": {
    "external_ip_address_vm_1": {
      "value": "51.250.77.115",
      "type": "string"
    },
    "external_ip_address_vm_2": {
      "value": "62.84.115.85",
      "type": "string"
    },
    "external_ip_address_vm_3": {
      "value": "51.250.90.162",
      "type": "string"
    },
    "internal_ip_address_vm_1": {
      "value": "192.168.50.13",
      "type": "string"
    },
    "internal_ip_address_vm_2": {
      "value": "192.168.50.35",
      "type": "string"
    },
    "internal_ip_address_vm_3": {
      "value": "192.168.50.32",
      "type": "string"
    }
  },
  "resources": [
    {
      "mode": "managed",
      "type": "yandex_compute_instance",
      "name": "vm-1",
      "provider": "provider[\"registry.terraform.io/yandex-cloud/yandex\"]",
      "instances": [
        {
          "schema_version": 1,
          "attributes": {
            "allow_recreate": null,
            "allow_stopping_for_update": null,
            "boot_disk": [
              {
                "auto_delete": true,
                "device_name": "fhmiskdeovokt7242qai",
                "disk_id": "fhmiskdeovokt7242qai",
                "initialize_params": [
                  {
                    "block_size": 4096,
                    "description": "",
                    "image_id": "fd80le4b8gt2u33lvubr",
                    "name": "",
                    "size": 10,
                    "snapshot_id": "",
                    "type": "network-hdd"
                  }
                ],
                "mode": "READ_WRITE"
              }
            ],
            "created_at": "2022-12-01T17:51:13Z",
            "description": "",
            "folder_id": "b1g3i641nh19u19bfr2q",
            "fqdn": "fhmmfvdv2sqni4giqh9q.auto.internal",
            "hostname": "",
            "id": "fhmmfvdv2sqni4giqh9q",
            "labels": null,
            "local_disk": [],
            "metadata": {
              "ssh-keys": "ubuntu:ssh-rsa AAAAB3NzaC1yc2EAAAADAQABAAABAQCgmbUnCso/GQ4jigRR2UvFHCWa4ZTG3zpO5z052Pxl0cj1sbv2nSWFJA8IR4CEjtr+c4CkdSyxR8pLtH30vg4TaAAjWPkIsXBrq4tQZleDfdWOKbFR8T8rKEAlHJBeWvcy06SP51k/cJ7AVg3liZrIJk1F8D8pDzoXQXWA8KoIYTbQQeWfeNoo3RO3sDWnZBhlGwucZjBjfnu18ZRkZzHIIi7DM3pF9EO7qW1zlU2+mNIYGDE+Y4+3jRU3duq7jyxe1ecfoae9iDmrtm/H5JdHk1kVqRe+Jq02BtBkzg8P8CEHHVvrlQaZsCh/eb4u2N+LS/3z1jGA2eZRYwL3+r09 komaroff@HP-Book\n"
            },
            "name": "clickhouse1",
            "network_acceleration_type": "standard",
            "network_interface": [
              {
                "dns_record": [],
                "index": 0,
                "ip_address": "192.168.50.13",
                "ipv4": true,
                "ipv6": false,
                "ipv6_address": "",
                "ipv6_dns_record": [],
                "mac_address": "d0:0d:16:7f:db:f1",
                "nat": true,
                "nat_dns_record": [],
                "nat_ip_address": "51.250.77.115",
                "nat_ip_version": "IPV4",
                "security_group_ids": [],
                "subnet_id": "e9b968h982a0omqt5ad4"
              }
            ],
            "placement_policy": [
              {
                "host_affinity_rules": [],
                "placement_group_id": ""
              }
            ],
            "platform_id": "standard-v1",
            "resources": [
              {
                "core_fraction": 100,
                "cores": 2,
                "gpus": 0,
                "memory": 2
              }
            ],
            "scheduling_policy": [
              {
                "preemptible": false
              }
            ],
            "secondary_disk": [],
            "service_account_id": "",
            "status": "running",
            "timeouts": null,
            "zone": "ru-central1-a"
          },
          "sensitive_attributes": [],
          "private": "eyJlMmJmYjczMC1lY2FhLTExZTYtOGY4OC0zNDM2M2JjN2M0YzAiOnsiY3JlYXRlIjozMDAwMDAwMDAwMDAsImRlbGV0ZSI6MzAwMDAwMDAwMDAwLCJ1cGRhdGUiOjMwMDAwMDAwMDAwMH0sInNjaGVtYV92ZXJzaW9uIjoiMSJ9",
          "dependencies": [
            "yandex_vpc_network.network-1",
            "yandex_vpc_subnet.subnet-1"
          ]
        }
      ]
    },
    {
      "mode": "managed",
      "type": "yandex_compute_instance",
      "name": "vm-2",
      "provider": "provider[\"registry.terraform.io/yandex-cloud/yandex\"]",
      "instances": [
        {
          "schema_version": 1,
          "attributes": {
            "allow_recreate": null,
            "allow_stopping_for_update": null,
            "boot_disk": [
              {
                "auto_delete": true,
                "device_name": "fhmud3eu2adnloe5hgfm",
                "disk_id": "fhmud3eu2adnloe5hgfm",
                "initialize_params": [
                  {
                    "block_size": 4096,
                    "description": "",
                    "image_id": "fd80le4b8gt2u33lvubr",
                    "name": "",
                    "size": 10,
                    "snapshot_id": "",
                    "type": "network-hdd"
                  }
                ],
                "mode": "READ_WRITE"
              }
            ],
            "created_at": "2022-12-01T17:51:13Z",
            "description": "",
            "folder_id": "b1g3i641nh19u19bfr2q",
            "fqdn": "fhmjgorpu6022tbr26uq.auto.internal",
            "hostname": "",
            "id": "fhmjgorpu6022tbr26uq",
            "labels": null,
            "local_disk": [],
            "metadata": {
              "ssh-keys": "ubuntu:ssh-rsa AAAAB3NzaC1yc2EAAAADAQABAAABAQCgmbUnCso/GQ4jigRR2UvFHCWa4ZTG3zpO5z052Pxl0cj1sbv2nSWFJA8IR4CEjtr+c4CkdSyxR8pLtH30vg4TaAAjWPkIsXBrq4tQZleDfdWOKbFR8T8rKEAlHJBeWvcy06SP51k/cJ7AVg3liZrIJk1F8D8pDzoXQXWA8KoIYTbQQeWfeNoo3RO3sDWnZBhlGwucZjBjfnu18ZRkZzHIIi7DM3pF9EO7qW1zlU2+mNIYGDE+Y4+3jRU3duq7jyxe1ecfoae9iDmrtm/H5JdHk1kVqRe+Jq02BtBkzg8P8CEHHVvrlQaZsCh/eb4u2N+LS/3z1jGA2eZRYwL3+r09 komaroff@HP-Book\n"
            },
            "name": "vector1",
            "network_acceleration_type": "standard",
            "network_interface": [
              {
                "dns_record": [],
                "index": 0,
                "ip_address": "192.168.50.35",
                "ipv4": true,
                "ipv6": false,
                "ipv6_address": "",
                "ipv6_dns_record": [],
                "mac_address": "d0:0d:13:86:37:9f",
                "nat": true,
                "nat_dns_record": [],
                "nat_ip_address": "62.84.115.85",
                "nat_ip_version": "IPV4",
                "security_group_ids": [],
                "subnet_id": "e9b968h982a0omqt5ad4"
              }
            ],
            "placement_policy": [
              {
                "host_affinity_rules": [],
                "placement_group_id": ""
              }
            ],
            "platform_id": "standard-v1",
            "resources": [
              {
                "core_fraction": 100,
                "cores": 2,
                "gpus": 0,
                "memory": 2
              }
            ],
            "scheduling_policy": [
              {
                "preemptible": false
              }
            ],
            "secondary_disk": [],
            "service_account_id": "",
            "status": "running",
            "timeouts": null,
            "zone": "ru-central1-a"
          },
          "sensitive_attributes": [],
          "private": "eyJlMmJmYjczMC1lY2FhLTExZTYtOGY4OC0zNDM2M2JjN2M0YzAiOnsiY3JlYXRlIjozMDAwMDAwMDAwMDAsImRlbGV0ZSI6MzAwMDAwMDAwMDAwLCJ1cGRhdGUiOjMwMDAwMDAwMDAwMH0sInNjaGVtYV92ZXJzaW9uIjoiMSJ9",
          "dependencies": [
            "yandex_vpc_network.network-1",
            "yandex_vpc_subnet.subnet-1"
          ]
        }
      ]
    },
    {
      "mode": "managed",
      "type": "yandex_compute_instance",
      "name": "vm-3",
      "provider": "provider[\"registry.terraform.io/yandex-cloud/yandex\"]",
      "instances": [
        {
          "schema_version": 1,
          "attributes": {
            "allow_recreate": null,
            "allow_stopping_for_update": null,
            "boot_disk": [
              {
                "auto_delete": true,
                "device_name": "fhm53c0r8nsohvj3odf7",
                "disk_id": "fhm53c0r8nsohvj3odf7",
                "initialize_params": [
                  {
                    "block_size": 4096,
                    "description": "",
                    "image_id": "fd80le4b8gt2u33lvubr",
                    "name": "",
                    "size": 10,
                    "snapshot_id": "",
                    "type": "network-hdd"
                  }
                ],
                "mode": "READ_WRITE"
              }
            ],
            "created_at": "2022-12-01T17:51:13Z",
            "description": "",
            "folder_id": "b1g3i641nh19u19bfr2q",
            "fqdn": "fhmc367aoc9c29ckgrj2.auto.internal",
            "hostname": "",
            "id": "fhmc367aoc9c29ckgrj2",
            "labels": null,
            "local_disk": [],
            "metadata": {
              "ssh-keys": "ubuntu:ssh-rsa AAAAB3NzaC1yc2EAAAADAQABAAABAQCgmbUnCso/GQ4jigRR2UvFHCWa4ZTG3zpO5z052Pxl0cj1sbv2nSWFJA8IR4CEjtr+c4CkdSyxR8pLtH30vg4TaAAjWPkIsXBrq4tQZleDfdWOKbFR8T8rKEAlHJBeWvcy06SP51k/cJ7AVg3liZrIJk1F8D8pDzoXQXWA8KoIYTbQQeWfeNoo3RO3sDWnZBhlGwucZjBjfnu18ZRkZzHIIi7DM3pF9EO7qW1zlU2+mNIYGDE+Y4+3jRU3duq7jyxe1ecfoae9iDmrtm/H5JdHk1kVqRe+Jq02BtBkzg8P8CEHHVvrlQaZsCh/eb4u2N+LS/3z1jGA2eZRYwL3+r09 komaroff@HP-Book\n"
            },
            "name": "lighthouse1",
            "network_acceleration_type": "standard",
            "network_interface": [
              {
                "dns_record": [],
                "index": 0,
                "ip_address": "192.168.50.32",
                "ipv4": true,
                "ipv6": false,
                "ipv6_address": "",
                "ipv6_dns_record": [],
                "mac_address": "d0:0d:c1:98:ea:c3",
                "nat": true,
                "nat_dns_record": [],
                "nat_ip_address": "51.250.90.162",
                "nat_ip_version": "IPV4",
                "security_group_ids": [],
                "subnet_id": "e9b968h982a0omqt5ad4"
              }
            ],
            "placement_policy": [
              {
                "host_affinity_rules": [],
                "placement_group_id": ""
              }
            ],
            "platform_id": "standard-v1",
            "resources": [
              {
                "core_fraction": 100,
                "cores": 2,
                "gpus": 0,
                "memory": 2
              }
            ],
            "scheduling_policy": [
              {
                "preemptible": false
              }
            ],
            "secondary_disk": [],
            "service_account_id": "",
            "status": "running",
            "timeouts": null,
            "zone": "ru-central1-a"
          },
          "sensitive_attributes": [],
          "private": "eyJlMmJmYjczMC1lY2FhLTExZTYtOGY4OC0zNDM2M2JjN2M0YzAiOnsiY3JlYXRlIjozMDAwMDAwMDAwMDAsImRlbGV0ZSI6MzAwMDAwMDAwMDAwLCJ1cGRhdGUiOjMwMDAwMDAwMDAwMH0sInNjaGVtYV92ZXJzaW9uIjoiMSJ9",
          "dependencies": [
            "yandex_vpc_network.network-1",
            "yandex_vpc_subnet.subnet-1"
          ]
        }
      ]
    },
    {
      "mode": "managed",
      "type": "yandex_vpc_network",
      "name": "network-1",
      "provider": "provider[\"registry.terraform.io/yandex-cloud/yandex\"]",
      "instances": [
        {
          "schema_version": 0,
          "attributes": {
            "created_at": "2022-12-01T17:51:11Z",
            "default_security_group_id": "",
            "description": "",
            "folder_id": "b1g3i641nh19u19bfr2q",
            "id": "enp6tlrp2at493ecob5b",
            "labels": {},
            "name": "network1",
            "subnet_ids": [],
            "timeouts": null
          },
          "sensitive_attributes": [],
          "private": "eyJlMmJmYjczMC1lY2FhLTExZTYtOGY4OC0zNDM2M2JjN2M0YzAiOnsiY3JlYXRlIjo2MDAwMDAwMDAwMCwiZGVsZXRlIjo2MDAwMDAwMDAwMCwidXBkYXRlIjo2MDAwMDAwMDAwMH19"
        }
      ]
    },
    {
      "mode": "managed",
      "type": "yandex_vpc_subnet",
      "name": "subnet-1",
      "provider": "provider[\"registry.terraform.io/yandex-cloud/yandex\"]",
      "instances": [
        {
          "schema_version": 0,
          "attributes": {
            "created_at": "2022-12-01T17:51:12Z",
            "description": "",
            "dhcp_options": [],
            "folder_id": "b1g3i641nh19u19bfr2q",
            "id": "e9b968h982a0omqt5ad4",
            "labels": {},
            "name": "subnet1",
            "network_id": "enp6tlrp2at493ecob5b",
            "route_table_id": "",
            "timeouts": null,
            "v4_cidr_blocks": [
              "192.168.50.0/24"
            ],
            "v6_cidr_blocks": [],
            "zone": "ru-central1-a"
          },
          "sensitive_attributes": [],
          "private": "eyJlMmJmYjczMC1lY2FhLTExZTYtOGY4OC0zNDM2M2JjN2M0YzAiOnsiY3JlYXRlIjoxODAwMDAwMDAwMDAsImRlbGV0ZSI6MTgwMDAwMDAwMDAwLCJ1cGRhdGUiOjE4MDAwMDAwMDAwMH19",
          "dependencies": [
            "yandex_vpc_network.network-1"
          ]
        }
      ]
    }
  ]
}
